
Microsoft Visual Studio Solution File, Format Version 12.00
# Visual Studio 2012
Project("{FAE04EC0-301F-11D3-BF4B-00C04F79EFBC}") = "EasyRouter", "EasyRouter\EasyRouter.csproj", "{67D45729-69D5-46B2-8270-EF168B5BE6BF}"
EndProject
Project("{FAE04EC0-301F-11D3-BF4B-00C04F79EFBC}") = "EasyRouterTests", "EasyRouterTests\EasyRouterTests.csproj", "{24E39AEF-EAFC-4A35-B5BB-D7C57B8C1EA0}"
EndProject
Global
	GlobalSection(SolutionConfigurationPlatforms) = preSolution
		Debug|Any CPU = Debug|Any CPU
		Release|Any CPU = Release|Any CPU
	EndGlobalSection
	GlobalSection(ProjectConfigurationPlatforms) = postSolution
		{67D45729-69D5-46B2-8270-EF168B5BE6BF}.Debug|Any CPU.ActiveCfg = Debug|Any CPU
		{67D45729-69D5-46B2-8270-EF168B5BE6BF}.Debug|Any CPU.Build.0 = Debug|Any CPU
		{67D45729-69D5-46B2-8270-EF168B5BE6BF}.Release|Any CPU.ActiveCfg = Release|Any CPU
		{67D45729-69D5-46B2-8270-EF168B5BE6BF}.Release|Any CPU.Build.0 = Release|Any CPU
		{24E39AEF-EAFC-4A35-B5BB-D7C57B8C1EA0}.Debug|Any CPU.ActiveCfg = Debug|Any CPU
		{24E39AEF-EAFC-4A35-B5BB-D7C57B8C1EA0}.Debug|Any CPU.Build.0 = Debug|Any CPU
		{24E39AEF-EAFC-4A35-B5BB-D7C57B8C1EA0}.Release|Any CPU.ActiveCfg = Release|Any CPU
		{24E39AEF-EAFC-4A35-B5BB-D7C57B8C1EA0}.Release|Any CPU.Build.0 = Release|Any CPU
	EndGlobalSection
	GlobalSection(SolutionProperties) = preSolution
		HideSolutionNode = FALSE
	EndGlobalSection
EndGlobal
